// !$*UTF8*$!
{
	archiveVersion = 1;
	classes = {
	};
	objectVersion = 46;
	objects = {

/* Begin PBXBuildFile section */
		BB1E33561BE954010001EF34 /* main.m in Sources */ = {isa = PBXBuildFile; fileRef = BB1E33551BE954010001EF34 /* main.m */; };
		BB1E33591BE954010001EF34 /* AppDelegate.m in Sources */ = {isa = PBXBuildFile; fileRef = BB1E33581BE954010001EF34 /* AppDelegate.m */; };
		BB1E335C1BE954010001EF34 /* ViewController.m in Sources */ = {isa = PBXBuildFile; fileRef = BB1E335B1BE954010001EF34 /* ViewController.m */; };
		BB1E335F1BE954020001EF34 /* Main.storyboard in Resources */ = {isa = PBXBuildFile; fileRef = BB1E335D1BE954020001EF34 /* Main.storyboard */; };
		BB1E33611BE954020001EF34 /* Assets.xcassets in Resources */ = {isa = PBXBuildFile; fileRef = BB1E33601BE954020001EF34 /* Assets.xcassets */; };
		BB1E33641BE954020001EF34 /* LaunchScreen.storyboard in Resources */ = {isa = PBXBuildFile; fileRef = BB1E33621BE954020001EF34 /* LaunchScreen.storyboard */; };
/* End PBXBuildFile section */

/* Begin PBXFileReference section */
		BB1E33511BE954010001EF34 /* Shinobi Table Test.app */ = {isa = PBXFileReference; explicitFileType = wrapper.application; includeInIndex = 0; path = "Shinobi Table Test.app"; sourceTree = BUILT_PRODUCTS_DIR; };
		BB1E33551BE954010001EF34 /* main.m */ = {isa = PBXFileReference; lastKnownFileType = sourcecode.c.objc; path = main.m; sourceTree = "<group>"; };
		BB1E33571BE954010001EF34 /* AppDelegate.h */ = {isa = PBXFileReference; lastKnownFileType = sourcecode.c.h; path = AppDelegate.h; sourceTree = "<group>"; };
		BB1E33581BE954010001EF34 /* AppDelegate.m */ = {isa = PBXFileReference; lastKnownFileType = sourcecode.c.objc; path = AppDelegate.m; sourceTree = "<group>"; };
		BB1E335A1BE954010001EF34 /* ViewController.h */ = {isa = PBXFileReference; lastKnownFileType = sourcecode.c.h; path = ViewController.h; sourceTree = "<group>"; };
		BB1E335B1BE954010001EF34 /* ViewController.m */ = {isa = PBXFileReference; lastKnownFileType = sourcecode.c.objc; path = ViewController.m; sourceTree = "<group>"; };
		BB1E335E1BE954020001EF34 /* Base */ = {isa = PBXFileReference; lastKnownFileType = file.storyboard; name = Base; path = Base.lproj/Main.storyboard; sourceTree = "<group>"; };
		BB1E33601BE954020001EF34 /* Assets.xcassets */ = {isa = PBXFileReference; lastKnownFileType = folder.assetcatalog; path = Assets.xcassets; sourceTree = "<group>"; };
		BB1E33631BE954020001EF34 /* Base */ = {isa = PBXFileReference; lastKnownFileType = file.storyboard; name = Base; path = Base.lproj/LaunchScreen.storyboard; sourceTree = "<group>"; };
		BB1E33651BE954020001EF34 /* Info.plist */ = {isa = PBXFileReference; lastKnownFileType = text.plist.xml; path = Info.plist; sourceTree = "<group>"; };
/* End PBXFileReference section */

/* Begin PBXFrameworksBuildPhase section */
		BB1E334E1BE954010001EF34 /* Frameworks */ = {
			isa = PBXFrameworksBuildPhase;
			buildActionMask = 2147483647;
			files = (
			);
			runOnlyForDeploymentPostprocessing = 0;
		};
/* End PBXFrameworksBuildPhase section */

/* Begin PBXGroup section */
		BB1E33481BE954010001EF34 = {
			isa = PBXGroup;
			children = (
				BB1E33531BE954010001EF34 /* Shinobi Table Test */,
				BB1E33521BE954010001EF34 /* Products */,
			);
			sourceTree = "<group>";
		};
		BB1E33521BE954010001EF34 /* Products */ = {
			isa = PBXGroup;
			children = (
				BB1E33511BE954010001EF34 /* Shinobi Table Test.app */,
			);
			name = Products;
			sourceTree = "<group>";
		};
		BB1E33531BE954010001EF34 /* Shinobi Table Test */ = {
			isa = PBXGroup;
			children = (
				BB1E33571BE954010001EF34 /* AppDelegate.h */,
				BB1E33581BE954010001EF34 /* AppDelegate.m */,
				BB1E335A1BE954010001EF34 /* ViewController.h */,
				BB1E335B1BE954010001EF34 /* ViewController.m */,
				BB1E335D1BE954020001EF34 /* Main.storyboard */,
				BB1E33601BE954020001EF34 /* Assets.xcassets */,
				BB1E33621BE954020001EF34 /* LaunchScreen.storyboard */,
				BB1E33651BE954020001EF34 /* Info.plist */,
				BB1E33541BE954010001EF34 /* Supporting Files */,
			);
			path = "Shinobi Table Test";
			sourceTree = "<group>";
		};
		BB1E33541BE954010001EF34 /* Supporting Files */ = {
			isa = PBXGroup;
			children = (
				BB1E33551BE954010001EF34 /* main.m */,
			);
			name = "Supporting Files";
			sourceTree = "<group>";
		};
/* End PBXGroup section */

/* Begin PBXNativeTarget section */
		BB1E33501BE954010001EF34 /* Shinobi Table Test */ = {
			isa = PBXNativeTarget;
			buildConfigurationList = BB1E33681BE954020001EF34 /* Build configuration list for PBXNativeTarget "Shinobi Table Test" */;
			buildPhases = (
				BB1E334D1BE954010001EF34 /* Sources */,
				BB1E334E1BE954010001EF34 /* Frameworks */,
				BB1E334F1BE954010001EF34 /* Resources */,
			);
			buildRules = (
			);
			dependencies = (
			);
			name = "Shinobi Table Test";
			productName = "Shinobi Table Test";
			productReference = BB1E33511BE954010001EF34 /* Shinobi Table Test.app */;
			productType = "com.apple.product-type.application";
		};
/* End PBXNativeTarget section */

/* Begin PBXProject section */
		BB1E33491BE954010001EF34 /* Project object */ = {
			isa = PBXProject;
			attributes = {
				LastUpgradeCheck = 0710;
				ORGANIZATIONNAME = "David Wagner";
				TargetAttributes = {
					BB1E33501BE954010001EF34 = {
						CreatedOnToolsVersion = 7.1;
					};
				};
			};
			buildConfigurationList = BB1E334C1BE954010001EF34 /* Build configuration list for PBXProject "Shinobi Table Test" */;
			compatibilityVersion = "Xcode 3.2";
			developmentRegion = English;
			hasScannedForEncodings = 0;
			knownRegions = (
				en,
				Base,
			);
			mainGroup = BB1E33481BE954010001EF34;
			productRefGroup = BB1E33521BE954010001EF34 /* Products */;
			projectDirPath = "";
			projectRoot = "";
			targets = (
				BB1E33501BE954010001EF34 /* Shinobi Table Test */,
			);
		};
/* End PBXProject section */

/* Begin PBXResourcesBuildPhase section */
		BB1E334F1BE954010001EF34 /* Resources */ = {
			isa = PBXResourcesBuildPhase;
			buildActionMask = 2147483647;
			files = (
				BB1E33641BE954020001EF34 /* LaunchScreen.storyboard in Resources */,
				BB1E33611BE954020001EF34 /* Assets.xcassets in Resources */,
				BB1E335F1BE954020001EF34 /* Main.storyboard in Resources */,
			);
			runOnlyForDeploymentPostprocessing = 0;
		};
/* End PBXResourcesBuildPhase section */

/* Begin PBXSourcesBuildPhase section */
		BB1E334D1BE954010001EF34 /* Sources */ = {
			isa = PBXSourcesBuildPhase;
			buildActionMask = 2147483647;
			files = (
				BB1E335C1BE954010001EF34 /* ViewController.m in Sources */,
				BB1E33591BE954010001EF34 /* AppDelegate.m in Sources */,
				BB1E33561BE954010001EF34 /* main.m in Sources */,
			);
			runOnlyForDeploymentPostprocessing = 0;
		};
/* End PBXSourcesBuildPhase section */

/* Begin PBXVariantGroup section */
		BB1E335D1BE954020001EF34 /* Main.storyboard */ = {
			isa = PBXVariantGroup;
			children = (
				BB1E335E1BE954020001EF34 /* Base */,
			);
			name = Main.storyboard;
			sourceTree = "<group>";
		};
		BB1E33621BE954020001EF34 /* LaunchScreen.storyboard */ = {
			isa = PBXVariantGroup;
			children = (
				BB1E33631BE954020001EF34 /* Base */,
			);
			name = LaunchScreen.storyboard;
			sourceTree = "<group>";
		};
/* End PBXVariantGroup section */

/* Begin XCBuildConfiguration section */
		BB1E33661BE954020001EF34 /* Debug */ = {
			isa = XCBuildConfiguration;
			buildSettings = {
				ALWAYS_SEARCH_USER_PATHS = NO;
				CLANG_CXX_LANGUAGE_STANDARD = "gnu++0x";
				CLANG_CXX_LIBRARY = "libc++";
				CLANG_ENABLE_MODULES = YES;
				CLANG_ENABLE_OBJC_ARC = YES;
				CLANG_WARN_BOOL_CONVERSION = YES;
				CLANG_WARN_CONSTANT_CONVERSION = YES;
				CLANG_WARN_DIRECT_OBJC_ISA_USAGE = YES_ERROR;
				CLANG_WARN_EMPTY_BODY = YES;
				CLANG_WARN_ENUM_CONVERSION = YES;
				CLANG_WARN_INT_CONVERSION = YES;
				CLANG_WARN_OBJC_ROOT_CLASS = YES_ERROR;
				CLANG_WARN_UNREACHABLE_CODE = YES;
				CLANG_WARN__DUPLICATE_METHOD_MATCH = YES;
				"CODE_SIGN_IDENTITY[sdk=iphoneos*]" = "iPhone Developer";
				COPY_PHASE_STRIP = NO;
				DEBUG_INFORMATION_FORMAT = dwarf;
				ENABLE_STRICT_OBJC_MSGSEND = YES;
				ENABLE_TESTABILITY = YES;
				GCC_C_LANGUAGE_STANDARD = gnu99;
				GCC_DYNAMIC_NO_PIC = NO;
				GCC_NO_COMMON_BLOCKS = YES;
				GCC_OPTIMIZATION_LEVEL = 0;
				GCC_PREPROCESSOR_DEFINITIONS = (
					"DEBUG=1",
					"$(inherited)",
				);
				GCC_WARN_64_TO_32_BIT_CONVERSION = YES;
				GCC_WARN_ABOUT_RETURN_TYPE = YES_ERROR;
				GCC_WARN_UNDECLARED_SELECTOR = YES;
				GCC_WARN_UNINITIALIZED_AUTOS = YES_AGGRESSIVE;
				GCC_WARN_UNUSED_FUNCTION = YES;
				GCC_WARN_UNUSED_VARIABLE = YES;
				IPHONEOS_DEPLOYMENT_TARGET = 9.1;
				MTL_ENABLE_DEBUG_INFO = YES;
				ONLY_ACTIVE_ARCH = YES;
				SDKROOT = iphoneos;
				TARGETED_DEVICE_FAMILY = "1,2";
			};
			name = Debug;
		};
		BB1E33671BE954020001EF34 /* Release */ = {
			isa = XCBuildConfiguration;
			buildSettings = {
				ALWAYS_SEARCH_USER_PATHS = NO;
				CLANG_CXX_LANGUAGE_STANDARD = "gnu++0x";
				CLANG_CXX_LIBRARY = "libc++";
				CLANG_ENABLE_MODULES = YES;
				CLANG_ENABLE_OBJC_ARC = YES;
				CLANG_WARN_BOOL_CONVERSION = YES;
				CLANG_WARN_CONSTANT_CONVERSION = YES;
				CLANG_WARN_DIRECT_OBJC_ISA_USAGE = YES_ERROR;
				CLANG_WARN_EMPTY_BODY = YES;
				CLANG_WARN_ENUM_CONVERSION = YES;
				CLANG_WARN_INT_CONVERSION = YES;
				CLANG_WARN_OBJC_ROOT_CLASS = YES_ERROR;
				CLANG_WARN_UNREACHABLE_CODE = YES;
				CLANG_WARN__DUPLICATE_METHOD_MATCH = YES;
				"CODE_SIGN_IDENTITY[sdk=iphoneos*]" = "iPhone Developer";
				COPY_PHASE_STRIP = NO;
				DEBUG_INFORMATION_FORMAT = "dwarf-with-dsym";
				ENABLE_NS_ASSERTIONS = NO;
				ENABLE_STRICT_OBJC_MSGSEND = YES;
				GCC_C_LANGUAGE_STANDARD = gnu99;
				GCC_NO_COMMON_BLOCKS = YES;
				GCC_WARN_64_TO_32_BIT_CONVERSION = YES;
				GCC_WARN_ABOUT_RETURN_TYPE = YES_ERROR;
				GCC_WARN_UNDECLARED_SELECTOR = YES;
				GCC_WARN_UNINITIALIZED_AUTOS = YES_AGGRESSIVE;
				GCC_WARN_UNUSED_FUNCTION = YES;
				GCC_WARN_UNUSED_VARIABLE = YES;
				IPHONEOS_DEPLOYMENT_TARGET = 9.1;
				MTL_ENABLE_DEBUG_INFO = NO;
				SDKROOT = iphoneos;
				TARGETED_DEVICE_FAMILY = "1,2";
				VALIDATE_PRODUCT = YES;
			};
			name = Release;
		};
		BB1E33691BE954020001EF34 /* Debug */ = {
			isa = XCBuildConfiguration;
			buildSettings = {
				ASSETCATALOG_COMPILER_APPICON_NAME = AppIcon;
				INFOPLIST_FILE = "Shinobi Table Test/Info.plist";
				LD_RUNPATH_SEARCH_PATHS = "$(inherited) @executable_path/Frameworks";
				PRODUCT_BUNDLE_IDENTIFIER = "com.noiseandheat.ios.test.experiment.Shinobi-Table-Test";
				PRODUCT_NAME = "$(TARGET_NAME)";
			};
			name = Debug;
		};
		BB1E336A1BE954020001EF34 /* Release */ = {
			isa = XCBuildConfiguration;
			buildSettings = {
				ASSETCATALOG_COMPILER_APPICON_NAME = AppIcon;
				INFOPLIST_FILE = "Shinobi Table Test/Info.plist";
				LD_RUNPATH_SEARCH_PATHS = "$(inherited) @executable_path/Frameworks";
				PRODUCT_BUNDLE_IDENTIFIER = "com.noiseandheat.ios.test.experiment.Shinobi-Table-Test";
				PRODUCT_NAME = "$(TARGET_NAME)";
			};
			name = Release;
		};
/* End XCBuildConfiguration section */

/* Begin XCConfigurationList section */
		BB1E334C1BE954010001EF34 /* Build configuration list for PBXProject "Shinobi Table Test" */ = {
			isa = XCConfigurationList;
			buildConfigurations = (
				BB1E33661BE954020001EF34 /* Debug */,
				BB1E33671BE954020001EF34 /* Release */,
			);
			defaultConfigurationIsVisible = 0;
			defaultConfigurationName = Release;
		};
		BB1E33681BE954020001EF34 /* Build configuration list for PBXNativeTarget "Shinobi Table Test" */ = {
			isa = XCConfigurationList;
			buildConfigurations = (
				BB1E33691BE954020001EF34 /* Debug */,
				BB1E336A1BE954020001EF34 /* Release */,
			);
			defaultConfigurationIsVisible = 0;
		};
/* End XCConfigurationList section */
	};
	rootObject = BB1E33491BE954010001EF34 /* Project object */;
}
